
Microsoft Visual Studio Solution File, Format Version 12.00
# Visual Studio Version 16
VisualStudioVersion = 16.0.810.20
MinimumVisualStudioVersion = 10.0.40219.1
Project("{2150E333-8FDC-42A3-9474-1A3956D46DE8}") = "FirstLaboratory", "FirstLaboratory", "{A96BFA10-E628-4E86-8A1B-9A1D755ECF1C}"
EndProject
Project("{2150E333-8FDC-42A3-9474-1A3956D46DE8}") = "Domain", "Domain", "{663D10CD-8C21-4476-B8A9-8A19B9B729D2}"
EndProject
Project("{2150E333-8FDC-42A3-9474-1A3956D46DE8}") = "Services", "Services", "{AE5AF9B5-E489-441B-9E34-911F101BA93B}"
EndProject
Project("{2150E333-8FDC-42A3-9474-1A3956D46DE8}") = "UserInterface", "UserInterface", "{3C7AEE80-A249-4E06-B909-8579105C21CE}"
EndProject
Project("{2150E333-8FDC-42A3-9474-1A3956D46DE8}") = "SecondLaboratory", "SecondLaboratory", "{75D15228-52CB-4C86-9C18-1890478999EC}"
EndProject
Project("{2150E333-8FDC-42A3-9474-1A3956D46DE8}") = "ThirdLaboratory", "ThirdLaboratory", "{EA202873-3C39-488E-AAD8-C3261A2FAE94}"
EndProject
Project("{2150E333-8FDC-42A3-9474-1A3956D46DE8}") = "Services", "Services", "{17851169-28EA-4743-BCFC-A42DED5BEEB4}"
EndProject
Project("{2150E333-8FDC-42A3-9474-1A3956D46DE8}") = "UI", "UI", "{EE868998-4918-4574-8252-1353022E605E}"
EndProject
Project("{2150E333-8FDC-42A3-9474-1A3956D46DE8}") = "Domain", "Domain", "{36066F72-3B75-452A-80C4-04F0BB7AAA36}"
EndProject
Project("{2150E333-8FDC-42A3-9474-1A3956D46DE8}") = "Services", "Services", "{BC8AFB48-7D74-4577-B598-5172EF6E8F24}"
EndProject
Project("{2150E333-8FDC-42A3-9474-1A3956D46DE8}") = "UI", "UI", "{D784DD65-36D8-4D49-A77E-42BD3F46047D}"
EndProject
Project("{9A19103F-16F7-4668-BE54-9A1E7A4F7556}") = "Rocks", "FirstLaboratory\Domain\Rocks\Rocks.csproj", "{42A55369-EE69-431D-9613-7813B13E61B9}"
EndProject
Project("{9A19103F-16F7-4668-BE54-9A1E7A4F7556}") = "Jewel", "FirstLaboratory\Services\Jewel\Jewel.csproj", "{BB75FCB9-F3FA-4E14-B5D4-3AF5A688A939}"
EndProject
Project("{9A19103F-16F7-4668-BE54-9A1E7A4F7556}") = "MyClasses", "SecondLaboratory\Services\MyClasses\MyClasses.csproj", "{A5DE6578-DE7E-440E-9B76-9FD10804C027}"
EndProject
Project("{9A19103F-16F7-4668-BE54-9A1E7A4F7556}") = "Data", "ThirdLaboratory\Domain\InterfacesAndAbstractClasses\Data.csproj", "{57FA40BC-BC94-4F4D-8AAB-28A64C44069C}"
EndProject
Project("{9A19103F-16F7-4668-BE54-9A1E7A4F7556}") = "Messages", "ThirdLaboratory\Domain\Messages\Messages.csproj", "{2EA4AA79-F497-413A-9C3C-E51017E8B18F}"
EndProject
Project("{9A19103F-16F7-4668-BE54-9A1E7A4F7556}") = "Phones", "ThirdLaboratory\Services\Phones\Phones.csproj", "{8851ED7F-90C9-4080-B220-44873F7614BE}"
EndProject
Project("{2150E333-8FDC-42A3-9474-1A3956D46DE8}") = "FourthLaboratory", "FourthLaboratory", "{0EEC6264-7C8E-43FD-B23C-8E1312EB486C}"
EndProject
Project("{9A19103F-16F7-4668-BE54-9A1E7A4F7556}") = "WinFormsApp1", "WinFormsApp1\WinFormsApp1.csproj", "{F3AF80A1-1519-47BE-8133-A7A3AEB05023}"
EndProject
Project("{FAE04EC0-301F-11D3-BF4B-00C04F79EFBC}") = "WinFormsApp2", "SecondLaboratory\UI\WinFormsApp2\WinFormsApp2.csproj", "{FE5A0FD6-B699-4053-BFC6-49987C9BFCE7}"
EndProject
Project("{FAE04EC0-301F-11D3-BF4B-00C04F79EFBC}") = "WinFormsApp3", "ThirdLaboratory\UI\WinFormsApp3\WinFormsApp3.csproj", "{323773CE-3B5D-40E5-B893-04D17ED49943}"
EndProject
Global
	GlobalSection(SolutionConfigurationPlatforms) = preSolution
		Debug|Any CPU = Debug|Any CPU
		Release|Any CPU = Release|Any CPU
	EndGlobalSection
	GlobalSection(ProjectConfigurationPlatforms) = postSolution
		{42A55369-EE69-431D-9613-7813B13E61B9}.Debug|Any CPU.ActiveCfg = Debug|Any CPU
		{42A55369-EE69-431D-9613-7813B13E61B9}.Debug|Any CPU.Build.0 = Debug|Any CPU
		{42A55369-EE69-431D-9613-7813B13E61B9}.Release|Any CPU.ActiveCfg = Release|Any CPU
		{42A55369-EE69-431D-9613-7813B13E61B9}.Release|Any CPU.Build.0 = Release|Any CPU
		{BB75FCB9-F3FA-4E14-B5D4-3AF5A688A939}.Debug|Any CPU.ActiveCfg = Debug|Any CPU
		{BB75FCB9-F3FA-4E14-B5D4-3AF5A688A939}.Debug|Any CPU.Build.0 = Debug|Any CPU
		{BB75FCB9-F3FA-4E14-B5D4-3AF5A688A939}.Release|Any CPU.ActiveCfg = Release|Any CPU
		{BB75FCB9-F3FA-4E14-B5D4-3AF5A688A939}.Release|Any CPU.Build.0 = Release|Any CPU
		{A5DE6578-DE7E-440E-9B76-9FD10804C027}.Debug|Any CPU.ActiveCfg = Debug|Any CPU
		{A5DE6578-DE7E-440E-9B76-9FD10804C027}.Debug|Any CPU.Build.0 = Debug|Any CPU
		{A5DE6578-DE7E-440E-9B76-9FD10804C027}.Release|Any CPU.ActiveCfg = Release|Any CPU
		{A5DE6578-DE7E-440E-9B76-9FD10804C027}.Release|Any CPU.Build.0 = Release|Any CPU
		{57FA40BC-BC94-4F4D-8AAB-28A64C44069C}.Debug|Any CPU.ActiveCfg = Debug|Any CPU
		{57FA40BC-BC94-4F4D-8AAB-28A64C44069C}.Debug|Any CPU.Build.0 = Debug|Any CPU
		{57FA40BC-BC94-4F4D-8AAB-28A64C44069C}.Release|Any CPU.ActiveCfg = Release|Any CPU
		{57FA40BC-BC94-4F4D-8AAB-28A64C44069C}.Release|Any CPU.Build.0 = Release|Any CPU
		{2EA4AA79-F497-413A-9C3C-E51017E8B18F}.Debug|Any CPU.ActiveCfg = Debug|Any CPU
		{2EA4AA79-F497-413A-9C3C-E51017E8B18F}.Debug|Any CPU.Build.0 = Debug|Any CPU
		{2EA4AA79-F497-413A-9C3C-E51017E8B18F}.Release|Any CPU.ActiveCfg = Release|Any CPU
		{2EA4AA79-F497-413A-9C3C-E51017E8B18F}.Release|Any CPU.Build.0 = Release|Any CPU
		{8851ED7F-90C9-4080-B220-44873F7614BE}.Debug|Any CPU.ActiveCfg = Debug|Any CPU
		{8851ED7F-90C9-4080-B220-44873F7614BE}.Debug|Any CPU.Build.0 = Debug|Any CPU
		{8851ED7F-90C9-4080-B220-44873F7614BE}.Release|Any CPU.ActiveCfg = Release|Any CPU
		{8851ED7F-90C9-4080-B220-44873F7614BE}.Release|Any CPU.Build.0 = Release|Any CPU
		{F3AF80A1-1519-47BE-8133-A7A3AEB05023}.Debug|Any CPU.ActiveCfg = Debug|Any CPU
		{F3AF80A1-1519-47BE-8133-A7A3AEB05023}.Debug|Any CPU.Build.0 = Debug|Any CPU
		{F3AF80A1-1519-47BE-8133-A7A3AEB05023}.Release|Any CPU.ActiveCfg = Release|Any CPU
		{F3AF80A1-1519-47BE-8133-A7A3AEB05023}.Release|Any CPU.Build.0 = Release|Any CPU
		{FE5A0FD6-B699-4053-BFC6-49987C9BFCE7}.Debug|Any CPU.ActiveCfg = Debug|Any CPU
		{FE5A0FD6-B699-4053-BFC6-49987C9BFCE7}.Debug|Any CPU.Build.0 = Debug|Any CPU
		{FE5A0FD6-B699-4053-BFC6-49987C9BFCE7}.Release|Any CPU.ActiveCfg = Release|Any CPU
		{FE5A0FD6-B699-4053-BFC6-49987C9BFCE7}.Release|Any CPU.Build.0 = Release|Any CPU
		{323773CE-3B5D-40E5-B893-04D17ED49943}.Debug|Any CPU.ActiveCfg = Debug|Any CPU
		{323773CE-3B5D-40E5-B893-04D17ED49943}.Debug|Any CPU.Build.0 = Debug|Any CPU
		{323773CE-3B5D-40E5-B893-04D17ED49943}.Release|Any CPU.ActiveCfg = Release|Any CPU
		{323773CE-3B5D-40E5-B893-04D17ED49943}.Release|Any CPU.Build.0 = Release|Any CPU
	EndGlobalSection
	GlobalSection(SolutionProperties) = preSolution
		HideSolutionNode = FALSE
	EndGlobalSection
	GlobalSection(NestedProjects) = preSolution
		{663D10CD-8C21-4476-B8A9-8A19B9B729D2} = {A96BFA10-E628-4E86-8A1B-9A1D755ECF1C}
		{AE5AF9B5-E489-441B-9E34-911F101BA93B} = {A96BFA10-E628-4E86-8A1B-9A1D755ECF1C}
		{3C7AEE80-A249-4E06-B909-8579105C21CE} = {A96BFA10-E628-4E86-8A1B-9A1D755ECF1C}
		{17851169-28EA-4743-BCFC-A42DED5BEEB4} = {75D15228-52CB-4C86-9C18-1890478999EC}
		{EE868998-4918-4574-8252-1353022E605E} = {75D15228-52CB-4C86-9C18-1890478999EC}
		{36066F72-3B75-452A-80C4-04F0BB7AAA36} = {EA202873-3C39-488E-AAD8-C3261A2FAE94}
		{BC8AFB48-7D74-4577-B598-5172EF6E8F24} = {EA202873-3C39-488E-AAD8-C3261A2FAE94}
		{D784DD65-36D8-4D49-A77E-42BD3F46047D} = {EA202873-3C39-488E-AAD8-C3261A2FAE94}
		{42A55369-EE69-431D-9613-7813B13E61B9} = {663D10CD-8C21-4476-B8A9-8A19B9B729D2}
		{BB75FCB9-F3FA-4E14-B5D4-3AF5A688A939} = {AE5AF9B5-E489-441B-9E34-911F101BA93B}
		{A5DE6578-DE7E-440E-9B76-9FD10804C027} = {17851169-28EA-4743-BCFC-A42DED5BEEB4}
		{57FA40BC-BC94-4F4D-8AAB-28A64C44069C} = {36066F72-3B75-452A-80C4-04F0BB7AAA36}
		{2EA4AA79-F497-413A-9C3C-E51017E8B18F} = {36066F72-3B75-452A-80C4-04F0BB7AAA36}
		{8851ED7F-90C9-4080-B220-44873F7614BE} = {BC8AFB48-7D74-4577-B598-5172EF6E8F24}
		{F3AF80A1-1519-47BE-8133-A7A3AEB05023} = {3C7AEE80-A249-4E06-B909-8579105C21CE}
		{FE5A0FD6-B699-4053-BFC6-49987C9BFCE7} = {EE868998-4918-4574-8252-1353022E605E}
		{323773CE-3B5D-40E5-B893-04D17ED49943} = {D784DD65-36D8-4D49-A77E-42BD3F46047D}
	EndGlobalSection
	GlobalSection(ExtensibilityGlobals) = postSolution
		SolutionGuid = {252104BE-0FC7-41F1-A696-769D6437B796}
	EndGlobalSection
EndGlobal
